
Microsoft Visual Studio Solution File, Format Version 12.00
# Visual Studio Version 17
VisualStudioVersion = 17.3.32922.545
MinimumVisualStudioVersion = 10.0.40219.1
Project("{FAE04EC0-301F-11D3-BF4B-00C04F79EFBC}") = "DATAGRID.Android", "DATAGRID\DATAGRID.Android\DATAGRID.Android.csproj", "{95A64EC9-2274-4C3F-A62B-6E15A4C8AEBF}"
EndProject
Project("{FAE04EC0-301F-11D3-BF4B-00C04F79EFBC}") = "DATAGRID.iOS", "DATAGRID\DATAGRID.iOS\DATAGRID.iOS.csproj", "{F0DA78F8-69C5-4171-8E59-84EC69AB81A6}"
EndProject
Project("{FAE04EC0-301F-11D3-BF4B-00C04F79EFBC}") = "DATAGRID", "DATAGRID\DATAGRID\DATAGRID.csproj", "{5CFEFEA4-9239-4071-8418-40E6B080C1F6}"
EndProject
Global
	GlobalSection(SolutionConfigurationPlatforms) = preSolution
		Debug|Any CPU = Debug|Any CPU
		Debug|iPhone = Debug|iPhone
		Debug|iPhoneSimulator = Debug|iPhoneSimulator
		Release|Any CPU = Release|Any CPU
		Release|iPhone = Release|iPhone
		Release|iPhoneSimulator = Release|iPhoneSimulator
	EndGlobalSection
	GlobalSection(ProjectConfigurationPlatforms) = postSolution
		{95A64EC9-2274-4C3F-A62B-6E15A4C8AEBF}.Debug|Any CPU.ActiveCfg = Debug|Any CPU
		{95A64EC9-2274-4C3F-A62B-6E15A4C8AEBF}.Debug|Any CPU.Build.0 = Debug|Any CPU
		{95A64EC9-2274-4C3F-A62B-6E15A4C8AEBF}.Debug|Any CPU.Deploy.0 = Debug|Any CPU
		{95A64EC9-2274-4C3F-A62B-6E15A4C8AEBF}.Debug|iPhone.ActiveCfg = Debug|Any CPU
		{95A64EC9-2274-4C3F-A62B-6E15A4C8AEBF}.Debug|iPhone.Build.0 = Debug|Any CPU
		{95A64EC9-2274-4C3F-A62B-6E15A4C8AEBF}.Debug|iPhone.Deploy.0 = Debug|Any CPU
		{95A64EC9-2274-4C3F-A62B-6E15A4C8AEBF}.Debug|iPhoneSimulator.ActiveCfg = Debug|Any CPU
		{95A64EC9-2274-4C3F-A62B-6E15A4C8AEBF}.Debug|iPhoneSimulator.Build.0 = Debug|Any CPU
		{95A64EC9-2274-4C3F-A62B-6E15A4C8AEBF}.Debug|iPhoneSimulator.Deploy.0 = Debug|Any CPU
		{95A64EC9-2274-4C3F-A62B-6E15A4C8AEBF}.Release|Any CPU.ActiveCfg = Release|Any CPU
		{95A64EC9-2274-4C3F-A62B-6E15A4C8AEBF}.Release|Any CPU.Build.0 = Release|Any CPU
		{95A64EC9-2274-4C3F-A62B-6E15A4C8AEBF}.Release|Any CPU.Deploy.0 = Release|Any CPU
		{95A64EC9-2274-4C3F-A62B-6E15A4C8AEBF}.Release|iPhone.ActiveCfg = Release|Any CPU
		{95A64EC9-2274-4C3F-A62B-6E15A4C8AEBF}.Release|iPhone.Build.0 = Release|Any CPU
		{95A64EC9-2274-4C3F-A62B-6E15A4C8AEBF}.Release|iPhone.Deploy.0 = Release|Any CPU
		{95A64EC9-2274-4C3F-A62B-6E15A4C8AEBF}.Release|iPhoneSimulator.ActiveCfg = Release|Any CPU
		{95A64EC9-2274-4C3F-A62B-6E15A4C8AEBF}.Release|iPhoneSimulator.Build.0 = Release|Any CPU
		{95A64EC9-2274-4C3F-A62B-6E15A4C8AEBF}.Release|iPhoneSimulator.Deploy.0 = Release|Any CPU
		{F0DA78F8-69C5-4171-8E59-84EC69AB81A6}.Debug|Any CPU.ActiveCfg = Debug|iPhone
		{F0DA78F8-69C5-4171-8E59-84EC69AB81A6}.Debug|Any CPU.Build.0 = Debug|iPhone
		{F0DA78F8-69C5-4171-8E59-84EC69AB81A6}.Debug|Any CPU.Deploy.0 = Debug|iPhone
		{F0DA78F8-69C5-4171-8E59-84EC69AB81A6}.Debug|iPhone.ActiveCfg = Debug|iPhone
		{F0DA78F8-69C5-4171-8E59-84EC69AB81A6}.Debug|iPhone.Build.0 = Debug|iPhone
		{F0DA78F8-69C5-4171-8E59-84EC69AB81A6}.Debug|iPhone.Deploy.0 = Debug|iPhone
		{F0DA78F8-69C5-4171-8E59-84EC69AB81A6}.Debug|iPhoneSimulator.ActiveCfg = Debug|iPhoneSimulator
		{F0DA78F8-69C5-4171-8E59-84EC69AB81A6}.Debug|iPhoneSimulator.Build.0 = Debug|iPhoneSimulator
		{F0DA78F8-69C5-4171-8E59-84EC69AB81A6}.Debug|iPhoneSimulator.Deploy.0 = Debug|iPhoneSimulator
		{F0DA78F8-69C5-4171-8E59-84EC69AB81A6}.Release|Any CPU.ActiveCfg = Release|iPhoneSimulator
		{F0DA78F8-69C5-4171-8E59-84EC69AB81A6}.Release|Any CPU.Build.0 = Release|iPhoneSimulator
		{F0DA78F8-69C5-4171-8E59-84EC69AB81A6}.Release|Any CPU.Deploy.0 = Release|iPhoneSimulator
		{F0DA78F8-69C5-4171-8E59-84EC69AB81A6}.Release|iPhone.ActiveCfg = Release|iPhone
		{F0DA78F8-69C5-4171-8E59-84EC69AB81A6}.Release|iPhone.Build.0 = Release|iPhone
		{F0DA78F8-69C5-4171-8E59-84EC69AB81A6}.Release|iPhone.Deploy.0 = Release|iPhone
		{F0DA78F8-69C5-4171-8E59-84EC69AB81A6}.Release|iPhoneSimulator.ActiveCfg = Release|iPhoneSimulator
		{F0DA78F8-69C5-4171-8E59-84EC69AB81A6}.Release|iPhoneSimulator.Build.0 = Release|iPhoneSimulator
		{F0DA78F8-69C5-4171-8E59-84EC69AB81A6}.Release|iPhoneSimulator.Deploy.0 = Release|iPhoneSimulator
		{5CFEFEA4-9239-4071-8418-40E6B080C1F6}.Debug|Any CPU.ActiveCfg = Debug|Any CPU
		{5CFEFEA4-9239-4071-8418-40E6B080C1F6}.Debug|Any CPU.Build.0 = Debug|Any CPU
		{5CFEFEA4-9239-4071-8418-40E6B080C1F6}.Debug|Any CPU.Deploy.0 = Debug|Any CPU
		{5CFEFEA4-9239-4071-8418-40E6B080C1F6}.Debug|iPhone.ActiveCfg = Debug|Any CPU
		{5CFEFEA4-9239-4071-8418-40E6B080C1F6}.Debug|iPhone.Build.0 = Debug|Any CPU
		{5CFEFEA4-9239-4071-8418-40E6B080C1F6}.Debug|iPhone.Deploy.0 = Debug|Any CPU
		{5CFEFEA4-9239-4071-8418-40E6B080C1F6}.Debug|iPhoneSimulator.ActiveCfg = Debug|Any CPU
		{5CFEFEA4-9239-4071-8418-40E6B080C1F6}.Debug|iPhoneSimulator.Build.0 = Debug|Any CPU
		{5CFEFEA4-9239-4071-8418-40E6B080C1F6}.Debug|iPhoneSimulator.Deploy.0 = Debug|Any CPU
		{5CFEFEA4-9239-4071-8418-40E6B080C1F6}.Release|Any CPU.ActiveCfg = Release|Any CPU
		{5CFEFEA4-9239-4071-8418-40E6B080C1F6}.Release|Any CPU.Build.0 = Release|Any CPU
		{5CFEFEA4-9239-4071-8418-40E6B080C1F6}.Release|Any CPU.Deploy.0 = Release|Any CPU
		{5CFEFEA4-9239-4071-8418-40E6B080C1F6}.Release|iPhone.ActiveCfg = Release|Any CPU
		{5CFEFEA4-9239-4071-8418-40E6B080C1F6}.Release|iPhone.Build.0 = Release|Any CPU
		{5CFEFEA4-9239-4071-8418-40E6B080C1F6}.Release|iPhone.Deploy.0 = Release|Any CPU
		{5CFEFEA4-9239-4071-8418-40E6B080C1F6}.Release|iPhoneSimulator.ActiveCfg = Release|Any CPU
		{5CFEFEA4-9239-4071-8418-40E6B080C1F6}.Release|iPhoneSimulator.Build.0 = Release|Any CPU
		{5CFEFEA4-9239-4071-8418-40E6B080C1F6}.Release|iPhoneSimulator.Deploy.0 = Release|Any CPU
	EndGlobalSection
	GlobalSection(SolutionProperties) = preSolution
		HideSolutionNode = FALSE
	EndGlobalSection
	GlobalSection(ExtensibilityGlobals) = postSolution
		SolutionGuid = {141F6528-2B2B-4565-B974-5B020561AF82}
	EndGlobalSection
EndGlobal
